
Microsoft Visual Studio Solution File, Format Version 12.00
# Visual Studio Version 16
VisualStudioVersion = 16.0.28803.156
MinimumVisualStudioVersion = 10.0.40219.1
Project("{FAE04EC0-301F-11D3-BF4B-00C04F79EFBC}") = "lesbrief8", "lesbrief8\lesbrief8.csproj", "{09ECBC2F-662A-42E2-BB67-B9467E6531F6}"
EndProject
Global
	GlobalSection(SolutionConfigurationPlatforms) = preSolution
		Debug|Any CPU = Debug|Any CPU
		Release|Any CPU = Release|Any CPU
	EndGlobalSection
	GlobalSection(ProjectConfigurationPlatforms) = postSolution
		{09ECBC2F-662A-42E2-BB67-B9467E6531F6}.Debug|Any CPU.ActiveCfg = Debug|Any CPU
		{09ECBC2F-662A-42E2-BB67-B9467E6531F6}.Debug|Any CPU.Build.0 = Debug|Any CPU
		{09ECBC2F-662A-42E2-BB67-B9467E6531F6}.Release|Any CPU.ActiveCfg = Release|Any CPU
		{09ECBC2F-662A-42E2-BB67-B9467E6531F6}.Release|Any CPU.Build.0 = Release|Any CPU
	EndGlobalSection
	GlobalSection(SolutionProperties) = preSolution
		HideSolutionNode = FALSE
	EndGlobalSection
	GlobalSection(ExtensibilityGlobals) = postSolution
		SolutionGuid = {D0452F65-E1E6-4761-B768-5ED45702847E}
	EndGlobalSection
EndGlobal
