
Microsoft Visual Studio Solution File, Format Version 12.00
# Visual Studio Version 16
VisualStudioVersion = 16.0.28803.156
MinimumVisualStudioVersion = 10.0.40219.1
Project("{FAE04EC0-301F-11D3-BF4B-00C04F79EFBC}") = "lesbrief6", "lesbrief6\lesbrief6.csproj", "{82FDE023-A5A6-4DE8-AF69-D22E29F50A78}"
EndProject
Global
	GlobalSection(SolutionConfigurationPlatforms) = preSolution
		Debug|Any CPU = Debug|Any CPU
		Release|Any CPU = Release|Any CPU
	EndGlobalSection
	GlobalSection(ProjectConfigurationPlatforms) = postSolution
		{82FDE023-A5A6-4DE8-AF69-D22E29F50A78}.Debug|Any CPU.ActiveCfg = Debug|Any CPU
		{82FDE023-A5A6-4DE8-AF69-D22E29F50A78}.Debug|Any CPU.Build.0 = Debug|Any CPU
		{82FDE023-A5A6-4DE8-AF69-D22E29F50A78}.Release|Any CPU.ActiveCfg = Release|Any CPU
		{82FDE023-A5A6-4DE8-AF69-D22E29F50A78}.Release|Any CPU.Build.0 = Release|Any CPU
	EndGlobalSection
	GlobalSection(SolutionProperties) = preSolution
		HideSolutionNode = FALSE
	EndGlobalSection
	GlobalSection(ExtensibilityGlobals) = postSolution
		SolutionGuid = {8BD1BF42-5B4D-49DD-BFB7-B4A6EEADEB69}
	EndGlobalSection
EndGlobal
