
Microsoft Visual Studio Solution File, Format Version 12.00
# Visual Studio Version 16
VisualStudioVersion = 16.0.28729.10
MinimumVisualStudioVersion = 10.0.40219.1
Project("{FAE04EC0-301F-11D3-BF4B-00C04F79EFBC}") = "lesbrief2", "lesbrief2\lesbrief2.csproj", "{74014259-03D0-4090-A3D2-D097F3158882}"
EndProject
Global
	GlobalSection(SolutionConfigurationPlatforms) = preSolution
		Debug|Any CPU = Debug|Any CPU
		Release|Any CPU = Release|Any CPU
	EndGlobalSection
	GlobalSection(ProjectConfigurationPlatforms) = postSolution
		{74014259-03D0-4090-A3D2-D097F3158882}.Debug|Any CPU.ActiveCfg = Debug|Any CPU
		{74014259-03D0-4090-A3D2-D097F3158882}.Debug|Any CPU.Build.0 = Debug|Any CPU
		{74014259-03D0-4090-A3D2-D097F3158882}.Release|Any CPU.ActiveCfg = Release|Any CPU
		{74014259-03D0-4090-A3D2-D097F3158882}.Release|Any CPU.Build.0 = Release|Any CPU
	EndGlobalSection
	GlobalSection(SolutionProperties) = preSolution
		HideSolutionNode = FALSE
	EndGlobalSection
	GlobalSection(ExtensibilityGlobals) = postSolution
		SolutionGuid = {1E8F1BB7-1B69-425F-B178-D884D6449046}
	EndGlobalSection
EndGlobal
