
Microsoft Visual Studio Solution File, Format Version 12.00
# Visual Studio Version 16
VisualStudioVersion = 16.0.28803.156
MinimumVisualStudioVersion = 10.0.40219.1
Project("{FAE04EC0-301F-11D3-BF4B-00C04F79EFBC}") = "Lesbrief-4", "Lesbrief-4\Lesbrief-4.csproj", "{83236DB2-A55E-4882-B3BD-2CA30CED7D2C}"
EndProject
Global
	GlobalSection(SolutionConfigurationPlatforms) = preSolution
		Debug|Any CPU = Debug|Any CPU
		Release|Any CPU = Release|Any CPU
	EndGlobalSection
	GlobalSection(ProjectConfigurationPlatforms) = postSolution
		{83236DB2-A55E-4882-B3BD-2CA30CED7D2C}.Debug|Any CPU.ActiveCfg = Debug|Any CPU
		{83236DB2-A55E-4882-B3BD-2CA30CED7D2C}.Debug|Any CPU.Build.0 = Debug|Any CPU
		{83236DB2-A55E-4882-B3BD-2CA30CED7D2C}.Release|Any CPU.ActiveCfg = Release|Any CPU
		{83236DB2-A55E-4882-B3BD-2CA30CED7D2C}.Release|Any CPU.Build.0 = Release|Any CPU
	EndGlobalSection
	GlobalSection(SolutionProperties) = preSolution
		HideSolutionNode = FALSE
	EndGlobalSection
	GlobalSection(ExtensibilityGlobals) = postSolution
		SolutionGuid = {7DE52D63-E3CE-493C-8F11-E36464A4EC8C}
	EndGlobalSection
EndGlobal
