
Microsoft Visual Studio Solution File, Format Version 12.00
# Visual Studio Version 16
VisualStudioVersion = 16.0.28729.10
MinimumVisualStudioVersion = 10.0.40219.1
Project("{FAE04EC0-301F-11D3-BF4B-00C04F79EFBC}") = "lesbrief3", "lesbrief3\lesbrief3.csproj", "{BB365C4D-D675-4D99-B5D6-DB50A7B8C475}"
EndProject
Global
	GlobalSection(SolutionConfigurationPlatforms) = preSolution
		Debug|Any CPU = Debug|Any CPU
		Release|Any CPU = Release|Any CPU
	EndGlobalSection
	GlobalSection(ProjectConfigurationPlatforms) = postSolution
		{BB365C4D-D675-4D99-B5D6-DB50A7B8C475}.Debug|Any CPU.ActiveCfg = Debug|Any CPU
		{BB365C4D-D675-4D99-B5D6-DB50A7B8C475}.Debug|Any CPU.Build.0 = Debug|Any CPU
		{BB365C4D-D675-4D99-B5D6-DB50A7B8C475}.Release|Any CPU.ActiveCfg = Release|Any CPU
		{BB365C4D-D675-4D99-B5D6-DB50A7B8C475}.Release|Any CPU.Build.0 = Release|Any CPU
	EndGlobalSection
	GlobalSection(SolutionProperties) = preSolution
		HideSolutionNode = FALSE
	EndGlobalSection
	GlobalSection(ExtensibilityGlobals) = postSolution
		SolutionGuid = {27695C42-C311-4433-A533-27B23C964D96}
	EndGlobalSection
EndGlobal
